{
  "version": 4,
  "terraform_version": "1.3.7",
  "serial": 27,
  "lineage": "bb784507-4414-04d4-d700-f204025ee805",
  "outputs": {},
  "resources": [
    {
      "mode": "managed",
      "type": "newrelic_synthetics_monitor",
      "name": "browser_monitor",
      "provider": "provider[\"registry.terraform.io/newrelic/newrelic\"]",
      "instances": [
        {
          "index_key": "monitor3",
          "schema_version": 0,
          "attributes": {
            "account_id": 3933528,
            "bypass_head_request": null,
            "custom_header": [],
            "enable_screenshot_on_failure_and_script": true,
            "id": "MzkzMzUyOHxTWU5USHxNT05JVE9SfDhkMjBlZjQxLWM3NDYtNGU3Yy04YWRlLTRmY2RiNDQxOTk4YQ",
            "locations_private": null,
            "locations_public": [
              "US_EAST_2",
              "US_WEST_1",
              "US_WEST_2"
            ],
            "name": "monitor3",
            "period": "EVERY_6_HOURS",
            "period_in_minutes": 360,
            "runtime_type": "",
            "runtime_type_version": "",
            "script_language": "",
            "status": "ENABLED",
            "tag": [],
            "treat_redirect_as_failure": null,
            "type": "BROWSER",
            "uri": "https://www.one.newrelic.com",
            "validation_string": "success",
            "verify_ssl": true
          },
          "sensitive_attributes": [],
          "private": "bnVsbA=="
        },
        {
          "index_key": "monitor4",
          "schema_version": 0,
          "attributes": {
            "account_id": 3933528,
            "bypass_head_request": null,
            "custom_header": [],
            "enable_screenshot_on_failure_and_script": true,
            "id": "MzkzMzUyOHxTWU5USHxNT05JVE9SfGNmNWRhZWM2LTY5NTctNDAxZS04YWI0LTUxM2I5MGE5YmZjYw",
            "locations_private": null,
            "locations_public": [
              "AP_NORTHEAST_1",
              "AP_NORTHEAST_2",
              "AP_SOUTHEAST_2"
            ],
            "name": "monitor4",
            "period": "EVERY_12_HOURS",
            "period_in_minutes": 720,
            "runtime_type": "",
            "runtime_type_version": "",
            "script_language": "",
            "status": "ENABLED",
            "tag": [],
            "treat_redirect_as_failure": null,
            "type": "BROWSER",
            "uri": "https://www.one.newrelic.com",
            "validation_string": "success",
            "verify_ssl": true
          },
          "sensitive_attributes": [],
          "private": "bnVsbA=="
        }
      ]
    },
    {
      "mode": "managed",
      "type": "newrelic_synthetics_monitor",
      "name": "simple_monitor",
      "provider": "provider[\"registry.terraform.io/newrelic/newrelic\"]",
      "instances": [
        {
          "index_key": "monitor1",
          "schema_version": 0,
          "attributes": {
            "account_id": 3933528,
            "bypass_head_request": true,
            "custom_header": [],
            "enable_screenshot_on_failure_and_script": null,
            "id": "MzkzMzUyOHxTWU5USHxNT05JVE9SfDdkNzYzOGM5LWZmMjAtNDkzNi04YjYzLTMyODNhZWFmZWE5Mw",
            "locations_private": null,
            "locations_public": [
              "AP_EAST_1",
              "AP_SOUTHEAST_1",
              "AP_SOUTH_1"
            ],
            "name": "monitor1",
            "period": "EVERY_MINUTE",
            "period_in_minutes": 1,
            "runtime_type": null,
            "runtime_type_version": null,
            "script_language": null,
            "status": "ENABLED",
            "tag": [],
            "treat_redirect_as_failure": true,
            "type": "SIMPLE",
            "uri": "https://www.one.newrelic.com",
            "validation_string": "success",
            "verify_ssl": true
          },
          "sensitive_attributes": [],
          "private": "bnVsbA=="
        },
        {
          "index_key": "monitor2",
          "schema_version": 0,
          "attributes": {
            "account_id": 3933528,
            "bypass_head_request": true,
            "custom_header": [],
            "enable_screenshot_on_failure_and_script": null,
            "id": "MzkzMzUyOHxTWU5USHxNT05JVE9SfDgyZDQ4ZDU1LTdjNWYtNGNkMi04Y2FkLTEwMzgzNGUyNjViZQ",
            "locations_private": null,
            "locations_public": [
              "AP_NORTHEAST_1",
              "AP_NORTHEAST_2",
              "AP_SOUTHEAST_2"
            ],
            "name": "monitor2",
            "period": "EVERY_6_HOURS",
            "period_in_minutes": 360,
            "runtime_type": null,
            "runtime_type_version": null,
            "script_language": null,
            "status": "ENABLED",
            "tag": [],
            "treat_redirect_as_failure": true,
            "type": "SIMPLE",
            "uri": "https://www.one.newrelic.com",
            "validation_string": "success",
            "verify_ssl": true
          },
          "sensitive_attributes": [],
          "private": "bnVsbA=="
        }
      ]
    }
  ],
  "check_results": null
}
